// !$*UTF8*$!
{
	archiveVersion = 1;
	classes = {
	};
	objectVersion = 56;
	objects = {

/* Begin PBXBuildFile section */
		F07995CB2CA8C80C006841C7 /* TriviaGameApp.swift in Sources */ = {isa = PBXBuildFile; fileRef = F07995CA2CA8C80C006841C7 /* TriviaGameApp.swift */; };
		F07995CD2CA8C80C006841C7 /* ContentView.swift in Sources */ = {isa = PBXBuildFile; fileRef = F07995CC2CA8C80C006841C7 /* ContentView.swift */; };
		F07995CF2CA8C80F006841C7 /* Assets.xcassets in Resources */ = {isa = PBXBuildFile; fileRef = F07995CE2CA8C80F006841C7 /* Assets.xcassets */; };
		F07995D22CA8C80F006841C7 /* Preview Assets.xcassets in Resources */ = {isa = PBXBuildFile; fileRef = F07995D12CA8C80F006841C7 /* Preview Assets.xcassets */; };
		F07995DC2CA8C99D006841C7 /* WelcomeView.swift in Sources */ = {isa = PBXBuildFile; fileRef = F07995DB2CA8C99D006841C7 /* WelcomeView.swift */; };
		F07995DE2CA8C9AA006841C7 /* QuestionView.swift in Sources */ = {isa = PBXBuildFile; fileRef = F07995DD2CA8C9AA006841C7 /* QuestionView.swift */; };
		F07995E02CA8C9B7006841C7 /* ScoreView.swift in Sources */ = {isa = PBXBuildFile; fileRef = F07995DF2CA8C9B7006841C7 /* ScoreView.swift */; };
		F07995E22CA8C9C5006841C7 /* Question.swift in Sources */ = {isa = PBXBuildFile; fileRef = F07995E12CA8C9C5006841C7 /* Question.swift */; };
		F07995E42CA8C9D8006841C7 /* QuizViewModel.swift in Sources */ = {isa = PBXBuildFile; fileRef = F07995E32CA8C9D8006841C7 /* QuizViewModel.swift */; };
		F0A6B8AE2CB77DC400350FBF /* QuestionContent.swift in Sources */ = {isa = PBXBuildFile; fileRef = F0A6B8AD2CB77DC400350FBF /* QuestionContent.swift */; };
		F0A6B8B02CB77E0200350FBF /* AnswerView.swift in Sources */ = {isa = PBXBuildFile; fileRef = F0A6B8AF2CB77E0200350FBF /* AnswerView.swift */; };
		F0A6B8B22CB77E2500350FBF /* FeedbackView.swift in Sources */ = {isa = PBXBuildFile; fileRef = F0A6B8B12CB77E2500350FBF /* FeedbackView.swift */; };
/* End PBXBuildFile section */

/* Begin PBXFileReference section */
		F07995C72CA8C80C006841C7 /* TriviaGame.app */ = {isa = PBXFileReference; explicitFileType = wrapper.application; includeInIndex = 0; path = TriviaGame.app; sourceTree = BUILT_PRODUCTS_DIR; };
		F07995CA2CA8C80C006841C7 /* TriviaGameApp.swift */ = {isa = PBXFileReference; lastKnownFileType = sourcecode.swift; path = TriviaGameApp.swift; sourceTree = "<group>"; };
		F07995CC2CA8C80C006841C7 /* ContentView.swift */ = {isa = PBXFileReference; lastKnownFileType = sourcecode.swift; path = ContentView.swift; sourceTree = "<group>"; };
		F07995CE2CA8C80F006841C7 /* Assets.xcassets */ = {isa = PBXFileReference; lastKnownFileType = folder.assetcatalog; path = Assets.xcassets; sourceTree = "<group>"; };
		F07995D12CA8C80F006841C7 /* Preview Assets.xcassets */ = {isa = PBXFileReference; lastKnownFileType = folder.assetcatalog; path = "Preview Assets.xcassets"; sourceTree = "<group>"; };
		F07995DB2CA8C99D006841C7 /* WelcomeView.swift */ = {isa = PBXFileReference; lastKnownFileType = sourcecode.swift; path = WelcomeView.swift; sourceTree = "<group>"; };
		F07995DD2CA8C9AA006841C7 /* QuestionView.swift */ = {isa = PBXFileReference; lastKnownFileType = sourcecode.swift; path = QuestionView.swift; sourceTree = "<group>"; };
		F07995DF2CA8C9B7006841C7 /* ScoreView.swift */ = {isa = PBXFileReference; lastKnownFileType = sourcecode.swift; path = ScoreView.swift; sourceTree = "<group>"; };
		F07995E12CA8C9C5006841C7 /* Question.swift */ = {isa = PBXFileReference; lastKnownFileType = sourcecode.swift; path = Question.swift; sourceTree = "<group>"; };
		F07995E32CA8C9D8006841C7 /* QuizViewModel.swift */ = {isa = PBXFileReference; lastKnownFileType = sourcecode.swift; path = QuizViewModel.swift; sourceTree = "<group>"; };
		F0A6B8AD2CB77DC400350FBF /* QuestionContent.swift */ = {isa = PBXFileReference; lastKnownFileType = sourcecode.swift; path = QuestionContent.swift; sourceTree = "<group>"; };
		F0A6B8AF2CB77E0200350FBF /* AnswerView.swift */ = {isa = PBXFileReference; lastKnownFileType = sourcecode.swift; path = AnswerView.swift; sourceTree = "<group>"; };
		F0A6B8B12CB77E2500350FBF /* FeedbackView.swift */ = {isa = PBXFileReference; lastKnownFileType = sourcecode.swift; path = FeedbackView.swift; sourceTree = "<group>"; };
/* End PBXFileReference section */

/* Begin PBXFrameworksBuildPhase section */
		F07995C42CA8C80C006841C7 /* Frameworks */ = {
			isa = PBXFrameworksBuildPhase;
			buildActionMask = 2147483647;
			files = (
			);
			runOnlyForDeploymentPostprocessing = 0;
		};
/* End PBXFrameworksBuildPhase section */

/* Begin PBXGroup section */
		F07995BE2CA8C80C006841C7 = {
			isa = PBXGroup;
			children = (
				F07995C92CA8C80C006841C7 /* TriviaGame */,
				F07995C82CA8C80C006841C7 /* Products */,
			);
			sourceTree = "<group>";
		};
		F07995C82CA8C80C006841C7 /* Products */ = {
			isa = PBXGroup;
			children = (
				F07995C72CA8C80C006841C7 /* TriviaGame.app */,
			);
			name = Products;
			sourceTree = "<group>";
		};
		F07995C92CA8C80C006841C7 /* TriviaGame */ = {
			isa = PBXGroup;
			children = (
				F07995D82CA8C8AF006841C7 /* Views */,
				F07995D92CA8C8B9006841C7 /* Models */,
				F07995DA2CA8C8C0006841C7 /* ViewModels */,
				F07995CA2CA8C80C006841C7 /* TriviaGameApp.swift */,
				F07995CC2CA8C80C006841C7 /* ContentView.swift */,
				F07995CE2CA8C80F006841C7 /* Assets.xcassets */,
				F07995D02CA8C80F006841C7 /* Preview Content */,
			);
			path = TriviaGame;
			sourceTree = "<group>";
		};
		F07995D02CA8C80F006841C7 /* Preview Content */ = {
			isa = PBXGroup;
			children = (
				F07995D12CA8C80F006841C7 /* Preview Assets.xcassets */,
			);
			path = "Preview Content";
			sourceTree = "<group>";
		};
		F07995D82CA8C8AF006841C7 /* Views */ = {
			isa = PBXGroup;
			children = (
				F07995DB2CA8C99D006841C7 /* WelcomeView.swift */,
				F07995DD2CA8C9AA006841C7 /* QuestionView.swift */,
				F07995DF2CA8C9B7006841C7 /* ScoreView.swift */,
				F0A6B8AD2CB77DC400350FBF /* QuestionContent.swift */,
				F0A6B8AF2CB77E0200350FBF /* AnswerView.swift */,
				F0A6B8B12CB77E2500350FBF /* FeedbackView.swift */,
			);
			path = Views;
			sourceTree = "<group>";
		};
		F07995D92CA8C8B9006841C7 /* Models */ = {
			isa = PBXGroup;
			children = (
				F07995E12CA8C9C5006841C7 /* Question.swift */,
			);
			path = Models;
			sourceTree = "<group>";
		};
		F07995DA2CA8C8C0006841C7 /* ViewModels */ = {
			isa = PBXGroup;
			children = (
				F07995E32CA8C9D8006841C7 /* QuizViewModel.swift */,
			);
			path = ViewModels;
			sourceTree = "<group>";
		};
/* End PBXGroup section */

/* Begin PBXNativeTarget section */
		F07995C62CA8C80C006841C7 /* TriviaGame */ = {
			isa = PBXNativeTarget;
			buildConfigurationList = F07995D52CA8C80F006841C7 /* Build configuration list for PBXNativeTarget "TriviaGame" */;
			buildPhases = (
				F07995C32CA8C80C006841C7 /* Sources */,
				F07995C42CA8C80C006841C7 /* Frameworks */,
				F07995C52CA8C80C006841C7 /* Resources */,
			);
			buildRules = (
			);
			dependencies = (
			);
			name = TriviaGame;
			productName = TriviaGame;
			productReference = F07995C72CA8C80C006841C7 /* TriviaGame.app */;
			productType = "com.apple.product-type.application";
		};
/* End PBXNativeTarget section */

/* Begin PBXProject section */
		F07995BF2CA8C80C006841C7 /* Project object */ = {
			isa = PBXProject;
			attributes = {
				BuildIndependentTargetsInParallel = 1;
				LastSwiftUpdateCheck = 1520;
				LastUpgradeCheck = 1520;
				TargetAttributes = {
					F07995C62CA8C80C006841C7 = {
						CreatedOnToolsVersion = 15.2;
					};
				};
			};
			buildConfigurationList = F07995C22CA8C80C006841C7 /* Build configuration list for PBXProject "TriviaGame" */;
			compatibilityVersion = "Xcode 14.0";
			developmentRegion = en;
			hasScannedForEncodings = 0;
			knownRegions = (
				en,
				Base,
			);
			mainGroup = F07995BE2CA8C80C006841C7;
			productRefGroup = F07995C82CA8C80C006841C7 /* Products */;
			projectDirPath = "";
			projectRoot = "";
			targets = (
				F07995C62CA8C80C006841C7 /* TriviaGame */,
			);
		};
/* End PBXProject section */

/* Begin PBXResourcesBuildPhase section */
		F07995C52CA8C80C006841C7 /* Resources */ = {
			isa = PBXResourcesBuildPhase;
			buildActionMask = 2147483647;
			files = (
				F07995D22CA8C80F006841C7 /* Preview Assets.xcassets in Resources */,
				F07995CF2CA8C80F006841C7 /* Assets.xcassets in Resources */,
			);
			runOnlyForDeploymentPostprocessing = 0;
		};
/* End PBXResourcesBuildPhase section */

/* Begin PBXSourcesBuildPhase section */
		F07995C32CA8C80C006841C7 /* Sources */ = {
			isa = PBXSourcesBuildPhase;
			buildActionMask = 2147483647;
			files = (
				F07995DE2CA8C9AA006841C7 /* QuestionView.swift in Sources */,
				F0A6B8B22CB77E2500350FBF /* FeedbackView.swift in Sources */,
				F07995CD2CA8C80C006841C7 /* ContentView.swift in Sources */,
				F07995E42CA8C9D8006841C7 /* QuizViewModel.swift in Sources */,
				F0A6B8AE2CB77DC400350FBF /* QuestionContent.swift in Sources */,
				F07995DC2CA8C99D006841C7 /* WelcomeView.swift in Sources */,
				F0A6B8B02CB77E0200350FBF /* AnswerView.swift in Sources */,
				F07995E22CA8C9C5006841C7 /* Question.swift in Sources */,
				F07995CB2CA8C80C006841C7 /* TriviaGameApp.swift in Sources */,
				F07995E02CA8C9B7006841C7 /* ScoreView.swift in Sources */,
			);
			runOnlyForDeploymentPostprocessing = 0;
		};
/* End PBXSourcesBuildPhase section */

/* Begin XCBuildConfiguration section */
		F07995D32CA8C80F006841C7 /* Debug */ = {
			isa = XCBuildConfiguration;
			buildSettings = {
				ALWAYS_SEARCH_USER_PATHS = NO;
				ASSETCATALOG_COMPILER_GENERATE_SWIFT_ASSET_SYMBOL_EXTENSIONS = YES;
				CLANG_ANALYZER_NONNULL = YES;
				CLANG_ANALYZER_NUMBER_OBJECT_CONVERSION = YES_AGGRESSIVE;
				CLANG_CXX_LANGUAGE_STANDARD = "gnu++20";
				CLANG_ENABLE_MODULES = YES;
				CLANG_ENABLE_OBJC_ARC = YES;
				CLANG_ENABLE_OBJC_WEAK = YES;
				CLANG_WARN_BLOCK_CAPTURE_AUTORELEASING = YES;
				CLANG_WARN_BOOL_CONVERSION = YES;
				CLANG_WARN_COMMA = YES;
				CLANG_WARN_CONSTANT_CONVERSION = YES;
				CLANG_WARN_DEPRECATED_OBJC_IMPLEMENTATIONS = YES;
				CLANG_WARN_DIRECT_OBJC_ISA_USAGE = YES_ERROR;
				CLANG_WARN_DOCUMENTATION_COMMENTS = YES;
				CLANG_WARN_EMPTY_BODY = YES;
				CLANG_WARN_ENUM_CONVERSION = YES;
				CLANG_WARN_INFINITE_RECURSION = YES;
				CLANG_WARN_INT_CONVERSION = YES;
				CLANG_WARN_NON_LITERAL_NULL_CONVERSION = YES;
				CLANG_WARN_OBJC_IMPLICIT_RETAIN_SELF = YES;
				CLANG_WARN_OBJC_LITERAL_CONVERSION = YES;
				CLANG_WARN_OBJC_ROOT_CLASS = YES_ERROR;
				CLANG_WARN_QUOTED_INCLUDE_IN_FRAMEWORK_HEADER = YES;
				CLANG_WARN_RANGE_LOOP_ANALYSIS = YES;
				CLANG_WARN_STRICT_PROTOTYPES = YES;
				CLANG_WARN_SUSPICIOUS_MOVE = YES;
				CLANG_WARN_UNGUARDED_AVAILABILITY = YES_AGGRESSIVE;
				CLANG_WARN_UNREACHABLE_CODE = YES;
				CLANG_WARN__DUPLICATE_METHOD_MATCH = YES;
				COPY_PHASE_STRIP = NO;
				DEBUG_INFORMATION_FORMAT = dwarf;
				ENABLE_STRICT_OBJC_MSGSEND = YES;
				ENABLE_TESTABILITY = YES;
				ENABLE_USER_SCRIPT_SANDBOXING = YES;
				GCC_C_LANGUAGE_STANDARD = gnu17;
				GCC_DYNAMIC_NO_PIC = NO;
				GCC_NO_COMMON_BLOCKS = YES;
				GCC_OPTIMIZATION_LEVEL = 0;
				GCC_PREPROCESSOR_DEFINITIONS = (
					"DEBUG=1",
					"$(inherited)",
				);
				GCC_WARN_64_TO_32_BIT_CONVERSION = YES;
				GCC_WARN_ABOUT_RETURN_TYPE = YES_ERROR;
				GCC_WARN_UNDECLARED_SELECTOR = YES;
				GCC_WARN_UNINITIALIZED_AUTOS = YES_AGGRESSIVE;
				GCC_WARN_UNUSED_FUNCTION = YES;
				GCC_WARN_UNUSED_VARIABLE = YES;
				IPHONEOS_DEPLOYMENT_TARGET = 17.2;
				LOCALIZATION_PREFERS_STRING_CATALOGS = YES;
				MTL_ENABLE_DEBUG_INFO = INCLUDE_SOURCE;
				MTL_FAST_MATH = YES;
				ONLY_ACTIVE_ARCH = YES;
				SDKROOT = iphoneos;
				SWIFT_ACTIVE_COMPILATION_CONDITIONS = "DEBUG $(inherited)";
				SWIFT_OPTIMIZATION_LEVEL = "-Onone";
			};
			name = Debug;
		};
		F07995D42CA8C80F006841C7 /* Release */ = {
			isa = XCBuildConfiguration;
			buildSettings = {
				ALWAYS_SEARCH_USER_PATHS = NO;
				ASSETCATALOG_COMPILER_GENERATE_SWIFT_ASSET_SYMBOL_EXTENSIONS = YES;
				CLANG_ANALYZER_NONNULL = YES;
				CLANG_ANALYZER_NUMBER_OBJECT_CONVERSION = YES_AGGRESSIVE;
				CLANG_CXX_LANGUAGE_STANDARD = "gnu++20";
				CLANG_ENABLE_MODULES = YES;
				CLANG_ENABLE_OBJC_ARC = YES;
				CLANG_ENABLE_OBJC_WEAK = YES;
				CLANG_WARN_BLOCK_CAPTURE_AUTORELEASING = YES;
				CLANG_WARN_BOOL_CONVERSION = YES;
				CLANG_WARN_COMMA = YES;
				CLANG_WARN_CONSTANT_CONVERSION = YES;
				CLANG_WARN_DEPRECATED_OBJC_IMPLEMENTATIONS = YES;
				CLANG_WARN_DIRECT_OBJC_ISA_USAGE = YES_ERROR;
				CLANG_WARN_DOCUMENTATION_COMMENTS = YES;
				CLANG_WARN_EMPTY_BODY = YES;
				CLANG_WARN_ENUM_CONVERSION = YES;
				CLANG_WARN_INFINITE_RECURSION = YES;
				CLANG_WARN_INT_CONVERSION = YES;
				CLANG_WARN_NON_LITERAL_NULL_CONVERSION = YES;
				CLANG_WARN_OBJC_IMPLICIT_RETAIN_SELF = YES;
				CLANG_WARN_OBJC_LITERAL_CONVERSION = YES;
				CLANG_WARN_OBJC_ROOT_CLASS = YES_ERROR;
				CLANG_WARN_QUOTED_INCLUDE_IN_FRAMEWORK_HEADER = YES;
				CLANG_WARN_RANGE_LOOP_ANALYSIS = YES;
				CLANG_WARN_STRICT_PROTOTYPES = YES;
				CLANG_WARN_SUSPICIOUS_MOVE = YES;
				CLANG_WARN_UNGUARDED_AVAILABILITY = YES_AGGRESSIVE;
				CLANG_WARN_UNREACHABLE_CODE = YES;
				CLANG_WARN__DUPLICATE_METHOD_MATCH = YES;
				COPY_PHASE_STRIP = NO;
				DEBUG_INFORMATION_FORMAT = "dwarf-with-dsym";
				ENABLE_NS_ASSERTIONS = NO;
				ENABLE_STRICT_OBJC_MSGSEND = YES;
				ENABLE_USER_SCRIPT_SANDBOXING = YES;
				GCC_C_LANGUAGE_STANDARD = gnu17;
				GCC_NO_COMMON_BLOCKS = YES;
				GCC_WARN_64_TO_32_BIT_CONVERSION = YES;
				GCC_WARN_ABOUT_RETURN_TYPE = YES_ERROR;
				GCC_WARN_UNDECLARED_SELECTOR = YES;
				GCC_WARN_UNINITIALIZED_AUTOS = YES_AGGRESSIVE;
				GCC_WARN_UNUSED_FUNCTION = YES;
				GCC_WARN_UNUSED_VARIABLE = YES;
				IPHONEOS_DEPLOYMENT_TARGET = 17.2;
				LOCALIZATION_PREFERS_STRING_CATALOGS = YES;
				MTL_ENABLE_DEBUG_INFO = NO;
				MTL_FAST_MATH = YES;
				SDKROOT = iphoneos;
				SWIFT_COMPILATION_MODE = wholemodule;
				VALIDATE_PRODUCT = YES;
			};
			name = Release;
		};
		F07995D62CA8C80F006841C7 /* Debug */ = {
			isa = XCBuildConfiguration;
			buildSettings = {
				ASSETCATALOG_COMPILER_APPICON_NAME = AppIcon;
				ASSETCATALOG_COMPILER_GLOBAL_ACCENT_COLOR_NAME = AccentColor;
				CODE_SIGN_STYLE = Automatic;
				CURRENT_PROJECT_VERSION = 1;
				DEVELOPMENT_ASSET_PATHS = "\"TriviaGame/Preview Content\"";
				DEVELOPMENT_TEAM = 9MD5TLEWD4;
				ENABLE_PREVIEWS = YES;
				GENERATE_INFOPLIST_FILE = YES;
				INFOPLIST_KEY_UIApplicationSceneManifest_Generation = YES;
				INFOPLIST_KEY_UIApplicationSupportsIndirectInputEvents = YES;
				INFOPLIST_KEY_UILaunchScreen_Generation = YES;
				INFOPLIST_KEY_UISupportedInterfaceOrientations_iPad = "UIInterfaceOrientationPortrait UIInterfaceOrientationPortraitUpsideDown UIInterfaceOrientationLandscapeLeft UIInterfaceOrientationLandscapeRight";
				INFOPLIST_KEY_UISupportedInterfaceOrientations_iPhone = "UIInterfaceOrientationPortrait UIInterfaceOrientationLandscapeLeft UIInterfaceOrientationLandscapeRight";
				LD_RUNPATH_SEARCH_PATHS = (
					"$(inherited)",
					"@executable_path/Frameworks",
				);
				MARKETING_VERSION = 1.0;
				PRODUCT_BUNDLE_IDENTIFIER = com.dianalim.TriviaGame;
				PRODUCT_NAME = "$(TARGET_NAME)";
				SWIFT_EMIT_LOC_STRINGS = YES;
				SWIFT_VERSION = 5.0;
				TARGETED_DEVICE_FAMILY = "1,2";
			};
			name = Debug;
		};
		F07995D72CA8C80F006841C7 /* Release */ = {
			isa = XCBuildConfiguration;
			buildSettings = {
				ASSETCATALOG_COMPILER_APPICON_NAME = AppIcon;
				ASSETCATALOG_COMPILER_GLOBAL_ACCENT_COLOR_NAME = AccentColor;
				CODE_SIGN_STYLE = Automatic;
				CURRENT_PROJECT_VERSION = 1;
				DEVELOPMENT_ASSET_PATHS = "\"TriviaGame/Preview Content\"";
				DEVELOPMENT_TEAM = 9MD5TLEWD4;
				ENABLE_PREVIEWS = YES;
				GENERATE_INFOPLIST_FILE = YES;
				INFOPLIST_KEY_UIApplicationSceneManifest_Generation = YES;
				INFOPLIST_KEY_UIApplicationSupportsIndirectInputEvents = YES;
				INFOPLIST_KEY_UILaunchScreen_Generation = YES;
				INFOPLIST_KEY_UISupportedInterfaceOrientations_iPad = "UIInterfaceOrientationPortrait UIInterfaceOrientationPortraitUpsideDown UIInterfaceOrientationLandscapeLeft UIInterfaceOrientationLandscapeRight";
				INFOPLIST_KEY_UISupportedInterfaceOrientations_iPhone = "UIInterfaceOrientationPortrait UIInterfaceOrientationLandscapeLeft UIInterfaceOrientationLandscapeRight";
				LD_RUNPATH_SEARCH_PATHS = (
					"$(inherited)",
					"@executable_path/Frameworks",
				);
				MARKETING_VERSION = 1.0;
				PRODUCT_BUNDLE_IDENTIFIER = com.dianalim.TriviaGame;
				PRODUCT_NAME = "$(TARGET_NAME)";
				SWIFT_EMIT_LOC_STRINGS = YES;
				SWIFT_VERSION = 5.0;
				TARGETED_DEVICE_FAMILY = "1,2";
			};
			name = Release;
		};
/* End XCBuildConfiguration section */

/* Begin XCConfigurationList section */
		F07995C22CA8C80C006841C7 /* Build configuration list for PBXProject "TriviaGame" */ = {
			isa = XCConfigurationList;
			buildConfigurations = (
				F07995D32CA8C80F006841C7 /* Debug */,
				F07995D42CA8C80F006841C7 /* Release */,
			);
			defaultConfigurationIsVisible = 0;
			defaultConfigurationName = Release;
		};
		F07995D52CA8C80F006841C7 /* Build configuration list for PBXNativeTarget "TriviaGame" */ = {
			isa = XCConfigurationList;
			buildConfigurations = (
				F07995D62CA8C80F006841C7 /* Debug */,
				F07995D72CA8C80F006841C7 /* Release */,
			);
			defaultConfigurationIsVisible = 0;
			defaultConfigurationName = Release;
		};
/* End XCConfigurationList section */
	};
	rootObject = F07995BF2CA8C80C006841C7 /* Project object */;
}
